// !$*UTF8*$!
{
	archiveVersion = 1;
	classes = {
	};
	objectVersion = 56;
	objects = {

/* Begin PBXBuildFile section */
		533DCD7A2B3CD2AB00B14144 /* LogEntryAppIntent.swift in Sources */ = {isa = PBXBuildFile; fileRef = 533DCD792B3CD2AB00B14144 /* LogEntryAppIntent.swift */; };
		533DCD7D2B3CD8E700B14144 /* widgetGif.gif in Resources */ = {isa = PBXBuildFile; fileRef = 533DCD7C2B3CD8E700B14144 /* widgetGif.gif */; };
		53E007C52B28D54100E30774 /* widgetDemoApp.swift in Sources */ = {isa = PBXBuildFile; fileRef = 53E007C42B28D54100E30774 /* widgetDemoApp.swift */; };
		53E007C72B28D54100E30774 /* ContentView.swift in Sources */ = {isa = PBXBuildFile; fileRef = 53E007C62B28D54100E30774 /* ContentView.swift */; };
		53E007C92B28D54200E30774 /* Assets.xcassets in Resources */ = {isa = PBXBuildFile; fileRef = 53E007C82B28D54200E30774 /* Assets.xcassets */; };
		53E007CC2B28D54200E30774 /* Preview Assets.xcassets in Resources */ = {isa = PBXBuildFile; fileRef = 53E007CB2B28D54200E30774 /* Preview Assets.xcassets */; };
		53E007D62B28D77900E30774 /* ContentViewViewModel.swift in Sources */ = {isa = PBXBuildFile; fileRef = 53E007D52B28D77900E30774 /* ContentViewViewModel.swift */; };
		53E007DE2B28E0CD00E30774 /* WidgetKit.framework in Frameworks */ = {isa = PBXBuildFile; fileRef = 53E007DD2B28E0CD00E30774 /* WidgetKit.framework */; };
		53E007E02B28E0CD00E30774 /* SwiftUI.framework in Frameworks */ = {isa = PBXBuildFile; fileRef = 53E007DF2B28E0CD00E30774 /* SwiftUI.framework */; };
		53E007E32B28E0CD00E30774 /* widgetExtensionBundle.swift in Sources */ = {isa = PBXBuildFile; fileRef = 53E007E22B28E0CD00E30774 /* widgetExtensionBundle.swift */; };
		53E007E52B28E0CD00E30774 /* widgetExtension.swift in Sources */ = {isa = PBXBuildFile; fileRef = 53E007E42B28E0CD00E30774 /* widgetExtension.swift */; };
		53E007E72B28E0CE00E30774 /* Assets.xcassets in Resources */ = {isa = PBXBuildFile; fileRef = 53E007E62B28E0CE00E30774 /* Assets.xcassets */; };
		53E007EB2B28E0CE00E30774 /* widgetExtensionExtension.appex in Embed Foundation Extensions */ = {isa = PBXBuildFile; fileRef = 53E007DB2B28E0CD00E30774 /* widgetExtensionExtension.appex */; settings = {ATTRIBUTES = (RemoveHeadersOnCopy, ); }; };
		53E007F72B291A9100E30774 /* DataService.swift in Sources */ = {isa = PBXBuildFile; fileRef = 53E007F62B291A9100E30774 /* DataService.swift */; };
		53E007F82B291A9100E30774 /* DataService.swift in Sources */ = {isa = PBXBuildFile; fileRef = 53E007F62B291A9100E30774 /* DataService.swift */; };
/* End PBXBuildFile section */

/* Begin PBXContainerItemProxy section */
		53E007E92B28E0CE00E30774 /* PBXContainerItemProxy */ = {
			isa = PBXContainerItemProxy;
			containerPortal = 53E007B92B28D54100E30774 /* Project object */;
			proxyType = 1;
			remoteGlobalIDString = 53E007DA2B28E0CD00E30774;
			remoteInfo = widgetExtensionExtension;
		};
/* End PBXContainerItemProxy section */

/* Begin PBXCopyFilesBuildPhase section */
		53E007EF2B28E0CE00E30774 /* Embed Foundation Extensions */ = {
			isa = PBXCopyFilesBuildPhase;
			buildActionMask = 2147483647;
			dstPath = "";
			dstSubfolderSpec = 13;
			files = (
				53E007EB2B28E0CE00E30774 /* widgetExtensionExtension.appex in Embed Foundation Extensions */,
			);
			name = "Embed Foundation Extensions";
			runOnlyForDeploymentPostprocessing = 0;
		};
/* End PBXCopyFilesBuildPhase section */

/* Begin PBXFileReference section */
		533DCD792B3CD2AB00B14144 /* LogEntryAppIntent.swift */ = {isa = PBXFileReference; lastKnownFileType = sourcecode.swift; path = LogEntryAppIntent.swift; sourceTree = "<group>"; };
		533DCD7C2B3CD8E700B14144 /* widgetGif.gif */ = {isa = PBXFileReference; lastKnownFileType = image.gif; path = widgetGif.gif; sourceTree = "<group>"; };
		53E007C12B28D54100E30774 /* widgetDemo.app */ = {isa = PBXFileReference; explicitFileType = wrapper.application; includeInIndex = 0; path = widgetDemo.app; sourceTree = BUILT_PRODUCTS_DIR; };
		53E007C42B28D54100E30774 /* widgetDemoApp.swift */ = {isa = PBXFileReference; lastKnownFileType = sourcecode.swift; path = widgetDemoApp.swift; sourceTree = "<group>"; };
		53E007C62B28D54100E30774 /* ContentView.swift */ = {isa = PBXFileReference; lastKnownFileType = sourcecode.swift; path = ContentView.swift; sourceTree = "<group>"; };
		53E007C82B28D54200E30774 /* Assets.xcassets */ = {isa = PBXFileReference; lastKnownFileType = folder.assetcatalog; path = Assets.xcassets; sourceTree = "<group>"; };
		53E007CB2B28D54200E30774 /* Preview Assets.xcassets */ = {isa = PBXFileReference; lastKnownFileType = folder.assetcatalog; path = "Preview Assets.xcassets"; sourceTree = "<group>"; };
		53E007D52B28D77900E30774 /* ContentViewViewModel.swift */ = {isa = PBXFileReference; lastKnownFileType = sourcecode.swift; path = ContentViewViewModel.swift; sourceTree = "<group>"; };
		53E007DB2B28E0CD00E30774 /* widgetExtensionExtension.appex */ = {isa = PBXFileReference; explicitFileType = "wrapper.app-extension"; includeInIndex = 0; path = widgetExtensionExtension.appex; sourceTree = BUILT_PRODUCTS_DIR; };
		53E007DD2B28E0CD00E30774 /* WidgetKit.framework */ = {isa = PBXFileReference; lastKnownFileType = wrapper.framework; name = WidgetKit.framework; path = System/Library/Frameworks/WidgetKit.framework; sourceTree = SDKROOT; };
		53E007DF2B28E0CD00E30774 /* SwiftUI.framework */ = {isa = PBXFileReference; lastKnownFileType = wrapper.framework; name = SwiftUI.framework; path = System/Library/Frameworks/SwiftUI.framework; sourceTree = SDKROOT; };
		53E007E22B28E0CD00E30774 /* widgetExtensionBundle.swift */ = {isa = PBXFileReference; lastKnownFileType = sourcecode.swift; path = widgetExtensionBundle.swift; sourceTree = "<group>"; };
		53E007E42B28E0CD00E30774 /* widgetExtension.swift */ = {isa = PBXFileReference; lastKnownFileType = sourcecode.swift; path = widgetExtension.swift; sourceTree = "<group>"; };
		53E007E62B28E0CE00E30774 /* Assets.xcassets */ = {isa = PBXFileReference; lastKnownFileType = folder.assetcatalog; path = Assets.xcassets; sourceTree = "<group>"; };
		53E007E82B28E0CE00E30774 /* Info.plist */ = {isa = PBXFileReference; lastKnownFileType = text.plist.xml; path = Info.plist; sourceTree = "<group>"; };
		53E007F02B290F8F00E30774 /* widgetDemo.entitlements */ = {isa = PBXFileReference; lastKnownFileType = text.plist.entitlements; path = widgetDemo.entitlements; sourceTree = "<group>"; };
		53E007F12B290FEC00E30774 /* widgetExtensionExtension.entitlements */ = {isa = PBXFileReference; lastKnownFileType = text.plist.entitlements; path = widgetExtensionExtension.entitlements; sourceTree = "<group>"; };
		53E007F62B291A9100E30774 /* DataService.swift */ = {isa = PBXFileReference; lastKnownFileType = sourcecode.swift; path = DataService.swift; sourceTree = "<group>"; };
/* End PBXFileReference section */

/* Begin PBXFrameworksBuildPhase section */
		53E007BE2B28D54100E30774 /* Frameworks */ = {
			isa = PBXFrameworksBuildPhase;
			buildActionMask = 2147483647;
			files = (
			);
			runOnlyForDeploymentPostprocessing = 0;
		};
		53E007D82B28E0CD00E30774 /* Frameworks */ = {
			isa = PBXFrameworksBuildPhase;
			buildActionMask = 2147483647;
			files = (
				53E007E02B28E0CD00E30774 /* SwiftUI.framework in Frameworks */,
				53E007DE2B28E0CD00E30774 /* WidgetKit.framework in Frameworks */,
			);
			runOnlyForDeploymentPostprocessing = 0;
		};
/* End PBXFrameworksBuildPhase section */

/* Begin PBXGroup section */
		533DCD7B2B3CD85800B14144 /* assets */ = {
			isa = PBXGroup;
			children = (
				533DCD7C2B3CD8E700B14144 /* widgetGif.gif */,
			);
			path = assets;
			sourceTree = "<group>";
		};
		53E007B82B28D54100E30774 = {
			isa = PBXGroup;
			children = (
				53E007F12B290FEC00E30774 /* widgetExtensionExtension.entitlements */,
				53E007C32B28D54100E30774 /* widgetDemo */,
				53E007E12B28E0CD00E30774 /* widgetExtension */,
				53E007DC2B28E0CD00E30774 /* Frameworks */,
				53E007C22B28D54100E30774 /* Products */,
			);
			sourceTree = "<group>";
		};
		53E007C22B28D54100E30774 /* Products */ = {
			isa = PBXGroup;
			children = (
				53E007C12B28D54100E30774 /* widgetDemo.app */,
				53E007DB2B28E0CD00E30774 /* widgetExtensionExtension.appex */,
			);
			name = Products;
			sourceTree = "<group>";
		};
		53E007C32B28D54100E30774 /* widgetDemo */ = {
			isa = PBXGroup;
			children = (
				533DCD7B2B3CD85800B14144 /* assets */,
				53E007F02B290F8F00E30774 /* widgetDemo.entitlements */,
				53E007D42B28D75300E30774 /* Views */,
				53E007D32B28D72C00E30774 /* ViewModel */,
				53E007C42B28D54100E30774 /* widgetDemoApp.swift */,
				53E007C82B28D54200E30774 /* Assets.xcassets */,
				53E007CA2B28D54200E30774 /* Preview Content */,
			);
			path = widgetDemo;
			sourceTree = "<group>";
		};
		53E007CA2B28D54200E30774 /* Preview Content */ = {
			isa = PBXGroup;
			children = (
				53E007CB2B28D54200E30774 /* Preview Assets.xcassets */,
			);
			path = "Preview Content";
			sourceTree = "<group>";
		};
		53E007D32B28D72C00E30774 /* ViewModel */ = {
			isa = PBXGroup;
			children = (
				53E007D52B28D77900E30774 /* ContentViewViewModel.swift */,
			);
			path = ViewModel;
			sourceTree = "<group>";
		};
		53E007D42B28D75300E30774 /* Views */ = {
			isa = PBXGroup;
			children = (
				53E007C62B28D54100E30774 /* ContentView.swift */,
			);
			path = Views;
			sourceTree = "<group>";
		};
		53E007DC2B28E0CD00E30774 /* Frameworks */ = {
			isa = PBXGroup;
			children = (
				53E007DD2B28E0CD00E30774 /* WidgetKit.framework */,
				53E007DF2B28E0CD00E30774 /* SwiftUI.framework */,
			);
			name = Frameworks;
			sourceTree = "<group>";
		};
		53E007E12B28E0CD00E30774 /* widgetExtension */ = {
			isa = PBXGroup;
			children = (
				53E007E22B28E0CD00E30774 /* widgetExtensionBundle.swift */,
				53E007E42B28E0CD00E30774 /* widgetExtension.swift */,
				53E007F62B291A9100E30774 /* DataService.swift */,
				533DCD792B3CD2AB00B14144 /* LogEntryAppIntent.swift */,
				53E007E62B28E0CE00E30774 /* Assets.xcassets */,
				53E007E82B28E0CE00E30774 /* Info.plist */,
			);
			path = widgetExtension;
			sourceTree = "<group>";
		};
/* End PBXGroup section */

/* Begin PBXNativeTarget section */
		53E007C02B28D54100E30774 /* widgetDemo */ = {
			isa = PBXNativeTarget;
			buildConfigurationList = 53E007CF2B28D54200E30774 /* Build configuration list for PBXNativeTarget "widgetDemo" */;
			buildPhases = (
				53E007BD2B28D54100E30774 /* Sources */,
				53E007BE2B28D54100E30774 /* Frameworks */,
				53E007BF2B28D54100E30774 /* Resources */,
				53E007EF2B28E0CE00E30774 /* Embed Foundation Extensions */,
			);
			buildRules = (
			);
			dependencies = (
				53E007EA2B28E0CE00E30774 /* PBXTargetDependency */,
			);
			name = widgetDemo;
			productName = widgetDemo;
			productReference = 53E007C12B28D54100E30774 /* widgetDemo.app */;
			productType = "com.apple.product-type.application";
		};
		53E007DA2B28E0CD00E30774 /* widgetExtensionExtension */ = {
			isa = PBXNativeTarget;
			buildConfigurationList = 53E007EC2B28E0CE00E30774 /* Build configuration list for PBXNativeTarget "widgetExtensionExtension" */;
			buildPhases = (
				53E007D72B28E0CD00E30774 /* Sources */,
				53E007D82B28E0CD00E30774 /* Frameworks */,
				53E007D92B28E0CD00E30774 /* Resources */,
			);
			buildRules = (
			);
			dependencies = (
			);
			name = widgetExtensionExtension;
			productName = widgetExtensionExtension;
			productReference = 53E007DB2B28E0CD00E30774 /* widgetExtensionExtension.appex */;
			productType = "com.apple.product-type.app-extension";
		};
/* End PBXNativeTarget section */

/* Begin PBXProject section */
		53E007B92B28D54100E30774 /* Project object */ = {
			isa = PBXProject;
			attributes = {
				BuildIndependentTargetsInParallel = 1;
				LastSwiftUpdateCheck = 1500;
				LastUpgradeCheck = 1500;
				TargetAttributes = {
					53E007C02B28D54100E30774 = {
						CreatedOnToolsVersion = 15.0;
					};
					53E007DA2B28E0CD00E30774 = {
						CreatedOnToolsVersion = 15.0;
					};
				};
			};
			buildConfigurationList = 53E007BC2B28D54100E30774 /* Build configuration list for PBXProject "widgetDemo" */;
			compatibilityVersion = "Xcode 14.0";
			developmentRegion = en;
			hasScannedForEncodings = 0;
			knownRegions = (
				en,
				Base,
			);
			mainGroup = 53E007B82B28D54100E30774;
			productRefGroup = 53E007C22B28D54100E30774 /* Products */;
			projectDirPath = "";
			projectRoot = "";
			targets = (
				53E007C02B28D54100E30774 /* widgetDemo */,
				53E007DA2B28E0CD00E30774 /* widgetExtensionExtension */,
			);
		};
/* End PBXProject section */

/* Begin PBXResourcesBuildPhase section */
		53E007BF2B28D54100E30774 /* Resources */ = {
			isa = PBXResourcesBuildPhase;
			buildActionMask = 2147483647;
			files = (
				533DCD7D2B3CD8E700B14144 /* widgetGif.gif in Resources */,
				53E007CC2B28D54200E30774 /* Preview Assets.xcassets in Resources */,
				53E007C92B28D54200E30774 /* Assets.xcassets in Resources */,
			);
			runOnlyForDeploymentPostprocessing = 0;
		};
		53E007D92B28E0CD00E30774 /* Resources */ = {
			isa = PBXResourcesBuildPhase;
			buildActionMask = 2147483647;
			files = (
				53E007E72B28E0CE00E30774 /* Assets.xcassets in Resources */,
			);
			runOnlyForDeploymentPostprocessing = 0;
		};
/* End PBXResourcesBuildPhase section */

/* Begin PBXSourcesBuildPhase section */
		53E007BD2B28D54100E30774 /* Sources */ = {
			isa = PBXSourcesBuildPhase;
			buildActionMask = 2147483647;
			files = (
				53E007C72B28D54100E30774 /* ContentView.swift in Sources */,
				53E007C52B28D54100E30774 /* widgetDemoApp.swift in Sources */,
				53E007D62B28D77900E30774 /* ContentViewViewModel.swift in Sources */,
				53E007F72B291A9100E30774 /* DataService.swift in Sources */,
			);
			runOnlyForDeploymentPostprocessing = 0;
		};
		53E007D72B28E0CD00E30774 /* Sources */ = {
			isa = PBXSourcesBuildPhase;
			buildActionMask = 2147483647;
			files = (
				53E007F82B291A9100E30774 /* DataService.swift in Sources */,
				533DCD7A2B3CD2AB00B14144 /* LogEntryAppIntent.swift in Sources */,
				53E007E32B28E0CD00E30774 /* widgetExtensionBundle.swift in Sources */,
				53E007E52B28E0CD00E30774 /* widgetExtension.swift in Sources */,
			);
			runOnlyForDeploymentPostprocessing = 0;
		};
/* End PBXSourcesBuildPhase section */

/* Begin PBXTargetDependency section */
		53E007EA2B28E0CE00E30774 /* PBXTargetDependency */ = {
			isa = PBXTargetDependency;
			target = 53E007DA2B28E0CD00E30774 /* widgetExtensionExtension */;
			targetProxy = 53E007E92B28E0CE00E30774 /* PBXContainerItemProxy */;
		};
/* End PBXTargetDependency section */

/* Begin XCBuildConfiguration section */
		53E007CD2B28D54200E30774 /* Debug */ = {
			isa = XCBuildConfiguration;
			buildSettings = {
				ALWAYS_SEARCH_USER_PATHS = NO;
				ASSETCATALOG_COMPILER_GENERATE_SWIFT_ASSET_SYMBOL_EXTENSIONS = YES;
				CLANG_ANALYZER_NONNULL = YES;
				CLANG_ANALYZER_NUMBER_OBJECT_CONVERSION = YES_AGGRESSIVE;
				CLANG_CXX_LANGUAGE_STANDARD = "gnu++20";
				CLANG_ENABLE_MODULES = YES;
				CLANG_ENABLE_OBJC_ARC = YES;
				CLANG_ENABLE_OBJC_WEAK = YES;
				CLANG_WARN_BLOCK_CAPTURE_AUTORELEASING = YES;
				CLANG_WARN_BOOL_CONVERSION = YES;
				CLANG_WARN_COMMA = YES;
				CLANG_WARN_CONSTANT_CONVERSION = YES;
				CLANG_WARN_DEPRECATED_OBJC_IMPLEMENTATIONS = YES;
				CLANG_WARN_DIRECT_OBJC_ISA_USAGE = YES_ERROR;
				CLANG_WARN_DOCUMENTATION_COMMENTS = YES;
				CLANG_WARN_EMPTY_BODY = YES;
				CLANG_WARN_ENUM_CONVERSION = YES;
				CLANG_WARN_INFINITE_RECURSION = YES;
				CLANG_WARN_INT_CONVERSION = YES;
				CLANG_WARN_NON_LITERAL_NULL_CONVERSION = YES;
				CLANG_WARN_OBJC_IMPLICIT_RETAIN_SELF = YES;
				CLANG_WARN_OBJC_LITERAL_CONVERSION = YES;
				CLANG_WARN_OBJC_ROOT_CLASS = YES_ERROR;
				CLANG_WARN_QUOTED_INCLUDE_IN_FRAMEWORK_HEADER = YES;
				CLANG_WARN_RANGE_LOOP_ANALYSIS = YES;
				CLANG_WARN_STRICT_PROTOTYPES = YES;
				CLANG_WARN_SUSPICIOUS_MOVE = YES;
				CLANG_WARN_UNGUARDED_AVAILABILITY = YES_AGGRESSIVE;
				CLANG_WARN_UNREACHABLE_CODE = YES;
				CLANG_WARN__DUPLICATE_METHOD_MATCH = YES;
				COPY_PHASE_STRIP = NO;
				DEBUG_INFORMATION_FORMAT = dwarf;
				ENABLE_STRICT_OBJC_MSGSEND = YES;
				ENABLE_TESTABILITY = YES;
				ENABLE_USER_SCRIPT_SANDBOXING = YES;
				GCC_C_LANGUAGE_STANDARD = gnu17;
				GCC_DYNAMIC_NO_PIC = NO;
				GCC_NO_COMMON_BLOCKS = YES;
				GCC_OPTIMIZATION_LEVEL = 0;
				GCC_PREPROCESSOR_DEFINITIONS = (
					"DEBUG=1",
					"$(inherited)",
				);
				GCC_WARN_64_TO_32_BIT_CONVERSION = YES;
				GCC_WARN_ABOUT_RETURN_TYPE = YES_ERROR;
				GCC_WARN_UNDECLARED_SELECTOR = YES;
				GCC_WARN_UNINITIALIZED_AUTOS = YES_AGGRESSIVE;
				GCC_WARN_UNUSED_FUNCTION = YES;
				GCC_WARN_UNUSED_VARIABLE = YES;
				IPHONEOS_DEPLOYMENT_TARGET = 17.0;
				LOCALIZATION_PREFERS_STRING_CATALOGS = YES;
				MTL_ENABLE_DEBUG_INFO = INCLUDE_SOURCE;
				MTL_FAST_MATH = YES;
				ONLY_ACTIVE_ARCH = YES;
				SDKROOT = iphoneos;
				SWIFT_ACTIVE_COMPILATION_CONDITIONS = "DEBUG $(inherited)";
				SWIFT_OPTIMIZATION_LEVEL = "-Onone";
			};
			name = Debug;
		};
		53E007CE2B28D54200E30774 /* Release */ = {
			isa = XCBuildConfiguration;
			buildSettings = {
				ALWAYS_SEARCH_USER_PATHS = NO;
				ASSETCATALOG_COMPILER_GENERATE_SWIFT_ASSET_SYMBOL_EXTENSIONS = YES;
				CLANG_ANALYZER_NONNULL = YES;
				CLANG_ANALYZER_NUMBER_OBJECT_CONVERSION = YES_AGGRESSIVE;
				CLANG_CXX_LANGUAGE_STANDARD = "gnu++20";
				CLANG_ENABLE_MODULES = YES;
				CLANG_ENABLE_OBJC_ARC = YES;
				CLANG_ENABLE_OBJC_WEAK = YES;
				CLANG_WARN_BLOCK_CAPTURE_AUTORELEASING = YES;
				CLANG_WARN_BOOL_CONVERSION = YES;
				CLANG_WARN_COMMA = YES;
				CLANG_WARN_CONSTANT_CONVERSION = YES;
				CLANG_WARN_DEPRECATED_OBJC_IMPLEMENTATIONS = YES;
				CLANG_WARN_DIRECT_OBJC_ISA_USAGE = YES_ERROR;
				CLANG_WARN_DOCUMENTATION_COMMENTS = YES;
				CLANG_WARN_EMPTY_BODY = YES;
				CLANG_WARN_ENUM_CONVERSION = YES;
				CLANG_WARN_INFINITE_RECURSION = YES;
				CLANG_WARN_INT_CONVERSION = YES;
				CLANG_WARN_NON_LITERAL_NULL_CONVERSION = YES;
				CLANG_WARN_OBJC_IMPLICIT_RETAIN_SELF = YES;
				CLANG_WARN_OBJC_LITERAL_CONVERSION = YES;
				CLANG_WARN_OBJC_ROOT_CLASS = YES_ERROR;
				CLANG_WARN_QUOTED_INCLUDE_IN_FRAMEWORK_HEADER = YES;
				CLANG_WARN_RANGE_LOOP_ANALYSIS = YES;
				CLANG_WARN_STRICT_PROTOTYPES = YES;
				CLANG_WARN_SUSPICIOUS_MOVE = YES;
				CLANG_WARN_UNGUARDED_AVAILABILITY = YES_AGGRESSIVE;
				CLANG_WARN_UNREACHABLE_CODE = YES;
				CLANG_WARN__DUPLICATE_METHOD_MATCH = YES;
				COPY_PHASE_STRIP = NO;
				DEBUG_INFORMATION_FORMAT = "dwarf-with-dsym";
				ENABLE_NS_ASSERTIONS = NO;
				ENABLE_STRICT_OBJC_MSGSEND = YES;
				ENABLE_USER_SCRIPT_SANDBOXING = YES;
				GCC_C_LANGUAGE_STANDARD = gnu17;
				GCC_NO_COMMON_BLOCKS = YES;
				GCC_WARN_64_TO_32_BIT_CONVERSION = YES;
				GCC_WARN_ABOUT_RETURN_TYPE = YES_ERROR;
				GCC_WARN_UNDECLARED_SELECTOR = YES;
				GCC_WARN_UNINITIALIZED_AUTOS = YES_AGGRESSIVE;
				GCC_WARN_UNUSED_FUNCTION = YES;
				GCC_WARN_UNUSED_VARIABLE = YES;
				IPHONEOS_DEPLOYMENT_TARGET = 17.0;
				LOCALIZATION_PREFERS_STRING_CATALOGS = YES;
				MTL_ENABLE_DEBUG_INFO = NO;
				MTL_FAST_MATH = YES;
				SDKROOT = iphoneos;
				SWIFT_COMPILATION_MODE = wholemodule;
				VALIDATE_PRODUCT = YES;
			};
			name = Release;
		};
		53E007D02B28D54200E30774 /* Debug */ = {
			isa = XCBuildConfiguration;
			buildSettings = {
				ALWAYS_EMBED_SWIFT_STANDARD_LIBRARIES = YES;
				ASSETCATALOG_COMPILER_APPICON_NAME = AppIcon;
				ASSETCATALOG_COMPILER_GLOBAL_ACCENT_COLOR_NAME = AccentColor;
				CODE_SIGN_ENTITLEMENTS = widgetDemo/widgetDemo.entitlements;
				CODE_SIGN_STYLE = Automatic;
				CURRENT_PROJECT_VERSION = 1;
				DEVELOPMENT_ASSET_PATHS = "\"widgetDemo/Preview Content\"";
				DEVELOPMENT_TEAM = FYRQCAMHN9;
				ENABLE_PREVIEWS = YES;
				GENERATE_INFOPLIST_FILE = YES;
				INFOPLIST_KEY_UIApplicationSceneManifest_Generation = YES;
				INFOPLIST_KEY_UIApplicationSupportsIndirectInputEvents = YES;
				INFOPLIST_KEY_UILaunchScreen_Generation = YES;
				INFOPLIST_KEY_UISupportedInterfaceOrientations_iPad = "UIInterfaceOrientationPortrait UIInterfaceOrientationPortraitUpsideDown UIInterfaceOrientationLandscapeLeft UIInterfaceOrientationLandscapeRight";
				INFOPLIST_KEY_UISupportedInterfaceOrientations_iPhone = "UIInterfaceOrientationPortrait UIInterfaceOrientationLandscapeLeft UIInterfaceOrientationLandscapeRight";
				LD_RUNPATH_SEARCH_PATHS = (
					"$(inherited)",
					"@executable_path/Frameworks",
				);
				MARKETING_VERSION = 1.0;
				PRODUCT_BUNDLE_IDENTIFIER = felix.widgetDemo;
				PRODUCT_NAME = "$(TARGET_NAME)";
				SWIFT_EMIT_LOC_STRINGS = YES;
				SWIFT_VERSION = 5.0;
				TARGETED_DEVICE_FAMILY = "1,2";
			};
			name = Debug;
		};
		53E007D12B28D54200E30774 /* Release */ = {
			isa = XCBuildConfiguration;
			buildSettings = {
				ALWAYS_EMBED_SWIFT_STANDARD_LIBRARIES = YES;
				ASSETCATALOG_COMPILER_APPICON_NAME = AppIcon;
				ASSETCATALOG_COMPILER_GLOBAL_ACCENT_COLOR_NAME = AccentColor;
				CODE_SIGN_ENTITLEMENTS = widgetDemo/widgetDemo.entitlements;
				CODE_SIGN_STYLE = Automatic;
				CURRENT_PROJECT_VERSION = 1;
				DEVELOPMENT_ASSET_PATHS = "\"widgetDemo/Preview Content\"";
				DEVELOPMENT_TEAM = FYRQCAMHN9;
				ENABLE_PREVIEWS = YES;
				GENERATE_INFOPLIST_FILE = YES;
				INFOPLIST_KEY_UIApplicationSceneManifest_Generation = YES;
				INFOPLIST_KEY_UIApplicationSupportsIndirectInputEvents = YES;
				INFOPLIST_KEY_UILaunchScreen_Generation = YES;
				INFOPLIST_KEY_UISupportedInterfaceOrientations_iPad = "UIInterfaceOrientationPortrait UIInterfaceOrientationPortraitUpsideDown UIInterfaceOrientationLandscapeLeft UIInterfaceOrientationLandscapeRight";
				INFOPLIST_KEY_UISupportedInterfaceOrientations_iPhone = "UIInterfaceOrientationPortrait UIInterfaceOrientationLandscapeLeft UIInterfaceOrientationLandscapeRight";
				LD_RUNPATH_SEARCH_PATHS = (
					"$(inherited)",
					"@executable_path/Frameworks",
				);
				MARKETING_VERSION = 1.0;
				PRODUCT_BUNDLE_IDENTIFIER = felix.widgetDemo;
				PRODUCT_NAME = "$(TARGET_NAME)";
				SWIFT_EMIT_LOC_STRINGS = YES;
				SWIFT_VERSION = 5.0;
				TARGETED_DEVICE_FAMILY = "1,2";
			};
			name = Release;
		};
		53E007ED2B28E0CE00E30774 /* Debug */ = {
			isa = XCBuildConfiguration;
			buildSettings = {
				ASSETCATALOG_COMPILER_GLOBAL_ACCENT_COLOR_NAME = AccentColor;
				ASSETCATALOG_COMPILER_WIDGET_BACKGROUND_COLOR_NAME = WidgetBackground;
				CODE_SIGN_ALLOW_ENTITLEMENTS_MODIFICATION = YES;
				CODE_SIGN_ENTITLEMENTS = widgetExtensionExtension.entitlements;
				CODE_SIGN_STYLE = Automatic;
				CURRENT_PROJECT_VERSION = 1;
				DEVELOPMENT_TEAM = FYRQCAMHN9;
				GENERATE_INFOPLIST_FILE = YES;
				INFOPLIST_FILE = widgetExtension/Info.plist;
				INFOPLIST_KEY_CFBundleDisplayName = widgetExtension;
				INFOPLIST_KEY_NSHumanReadableCopyright = "";
				LD_RUNPATH_SEARCH_PATHS = (
					"$(inherited)",
					"@executable_path/Frameworks",
					"@executable_path/../../Frameworks",
				);
				MARKETING_VERSION = 1.0;
				PRODUCT_BUNDLE_IDENTIFIER = felix.widgetDemo.widgetExtension;
				PRODUCT_NAME = "$(TARGET_NAME)";
				SKIP_INSTALL = YES;
				SWIFT_EMIT_LOC_STRINGS = YES;
				SWIFT_VERSION = 5.0;
				TARGETED_DEVICE_FAMILY = "1,2";
			};
			name = Debug;
		};
		53E007EE2B28E0CE00E30774 /* Release */ = {
			isa = XCBuildConfiguration;
			buildSettings = {
				ASSETCATALOG_COMPILER_GLOBAL_ACCENT_COLOR_NAME = AccentColor;
				ASSETCATALOG_COMPILER_WIDGET_BACKGROUND_COLOR_NAME = WidgetBackground;
				CODE_SIGN_ALLOW_ENTITLEMENTS_MODIFICATION = YES;
				CODE_SIGN_ENTITLEMENTS = widgetExtensionExtension.entitlements;
				CODE_SIGN_STYLE = Automatic;
				CURRENT_PROJECT_VERSION = 1;
				DEVELOPMENT_TEAM = FYRQCAMHN9;
				GENERATE_INFOPLIST_FILE = YES;
				INFOPLIST_FILE = widgetExtension/Info.plist;
				INFOPLIST_KEY_CFBundleDisplayName = widgetExtension;
				INFOPLIST_KEY_NSHumanReadableCopyright = "";
				LD_RUNPATH_SEARCH_PATHS = (
					"$(inherited)",
					"@executable_path/Frameworks",
					"@executable_path/../../Frameworks",
				);
				MARKETING_VERSION = 1.0;
				PRODUCT_BUNDLE_IDENTIFIER = felix.widgetDemo.widgetExtension;
				PRODUCT_NAME = "$(TARGET_NAME)";
				SKIP_INSTALL = YES;
				SWIFT_EMIT_LOC_STRINGS = YES;
				SWIFT_VERSION = 5.0;
				TARGETED_DEVICE_FAMILY = "1,2";
			};
			name = Release;
		};
/* End XCBuildConfiguration section */

/* Begin XCConfigurationList section */
		53E007BC2B28D54100E30774 /* Build configuration list for PBXProject "widgetDemo" */ = {
			isa = XCConfigurationList;
			buildConfigurations = (
				53E007CD2B28D54200E30774 /* Debug */,
				53E007CE2B28D54200E30774 /* Release */,
			);
			defaultConfigurationIsVisible = 0;
			defaultConfigurationName = Release;
		};
		53E007CF2B28D54200E30774 /* Build configuration list for PBXNativeTarget "widgetDemo" */ = {
			isa = XCConfigurationList;
			buildConfigurations = (
				53E007D02B28D54200E30774 /* Debug */,
				53E007D12B28D54200E30774 /* Release */,
			);
			defaultConfigurationIsVisible = 0;
			defaultConfigurationName = Release;
		};
		53E007EC2B28E0CE00E30774 /* Build configuration list for PBXNativeTarget "widgetExtensionExtension" */ = {
			isa = XCConfigurationList;
			buildConfigurations = (
				53E007ED2B28E0CE00E30774 /* Debug */,
				53E007EE2B28E0CE00E30774 /* Release */,
			);
			defaultConfigurationIsVisible = 0;
			defaultConfigurationName = Release;
		};
/* End XCConfigurationList section */
	};
	rootObject = 53E007B92B28D54100E30774 /* Project object */;
}
